
Microsoft Visual Studio Solution File, Format Version 12.00
# Visual Studio Version 17
VisualStudioVersion = 17.4.33205.214
MinimumVisualStudioVersion = 10.0.40219.1
Project("{FAE04EC0-301F-11D3-BF4B-00C04F79EFBC}") = "lab2", "lab2\lab2.csproj", "{F572E477-9FA5-4700-96E0-0D0637F000FD}"
EndProject
Global
	GlobalSection(SolutionConfigurationPlatforms) = preSolution
		Debug|Any CPU = Debug|Any CPU
		Release|Any CPU = Release|Any CPU
	EndGlobalSection
	GlobalSection(ProjectConfigurationPlatforms) = postSolution
		{F572E477-9FA5-4700-96E0-0D0637F000FD}.Debug|Any CPU.ActiveCfg = Debug|Any CPU
		{F572E477-9FA5-4700-96E0-0D0637F000FD}.Debug|Any CPU.Build.0 = Debug|Any CPU
		{F572E477-9FA5-4700-96E0-0D0637F000FD}.Release|Any CPU.ActiveCfg = Release|Any CPU
		{F572E477-9FA5-4700-96E0-0D0637F000FD}.Release|Any CPU.Build.0 = Release|Any CPU
	EndGlobalSection
	GlobalSection(SolutionProperties) = preSolution
		HideSolutionNode = FALSE
	EndGlobalSection
	GlobalSection(ExtensibilityGlobals) = postSolution
		SolutionGuid = {276D03F6-7070-40DF-B5F9-693D10342572}
	EndGlobalSection
EndGlobal
